
Microsoft Visual Studio Solution File, Format Version 12.00
# Visual Studio 15
VisualStudioVersion = 15.0.27130.2027
MinimumVisualStudioVersion = 10.0.40219.1
Project("{FAE04EC0-301F-11D3-BF4B-00C04F79EFBC}") = "JSONParser", "JSONParser\JSONParser.csproj", "{0E119E80-68A4-4033-A8DC-0929DC1EB28D}"
EndProject
Global
	GlobalSection(SolutionConfigurationPlatforms) = preSolution
		Debug|Any CPU = Debug|Any CPU
		Release|Any CPU = Release|Any CPU
	EndGlobalSection
	GlobalSection(ProjectConfigurationPlatforms) = postSolution
		{0E119E80-68A4-4033-A8DC-0929DC1EB28D}.Debug|Any CPU.ActiveCfg = Debug|Any CPU
		{0E119E80-68A4-4033-A8DC-0929DC1EB28D}.Debug|Any CPU.Build.0 = Debug|Any CPU
		{0E119E80-68A4-4033-A8DC-0929DC1EB28D}.Release|Any CPU.ActiveCfg = Release|Any CPU
		{0E119E80-68A4-4033-A8DC-0929DC1EB28D}.Release|Any CPU.Build.0 = Release|Any CPU
	EndGlobalSection
	GlobalSection(SolutionProperties) = preSolution
		HideSolutionNode = FALSE
	EndGlobalSection
	GlobalSection(ExtensibilityGlobals) = postSolution
		SolutionGuid = {844860B9-07EB-41F8-AFE5-8EB116D1E2E2}
	EndGlobalSection
EndGlobal
